// !$*UTF8*$!
{
	archiveVersion = 1;
	classes = {
	};
	objectVersion = 77;
	objects = {

/* Begin PBXContainerItemProxy section */
		A1832B8A2EAF7FBC0073DEB5 /* PBXContainerItemProxy */ = {
			isa = PBXContainerItemProxy;
			containerPortal = A1832B742EAF7FBA0073DEB5 /* Project object */;
			proxyType = 1;
			remoteGlobalIDString = A1832B7B2EAF7FBB0073DEB5;
			remoteInfo = "Privacy Invading Smart Glasses";
		};
		A1832B942EAF7FBC0073DEB5 /* PBXContainerItemProxy */ = {
			isa = PBXContainerItemProxy;
			containerPortal = A1832B742EAF7FBA0073DEB5 /* Project object */;
			proxyType = 1;
			remoteGlobalIDString = A1832B7B2EAF7FBB0073DEB5;
			remoteInfo = "Privacy Invading Smart Glasses";
		};
/* End PBXContainerItemProxy section */

/* Begin PBXFileReference section */
		A1832B7C2EAF7FBB0073DEB5 /* Privacy Invading Smart Glasses.app */ = {isa = PBXFileReference; explicitFileType = wrapper.application; includeInIndex = 0; path = "Privacy Invading Smart Glasses.app"; sourceTree = BUILT_PRODUCTS_DIR; };
		A1832B892EAF7FBC0073DEB5 /* Privacy Invading Smart GlassesTests.xctest */ = {isa = PBXFileReference; explicitFileType = wrapper.cfbundle; includeInIndex = 0; path = "Privacy Invading Smart GlassesTests.xctest"; sourceTree = BUILT_PRODUCTS_DIR; };
		A1832B932EAF7FBC0073DEB5 /* Privacy Invading Smart GlassesUITests.xctest */ = {isa = PBXFileReference; explicitFileType = wrapper.cfbundle; includeInIndex = 0; path = "Privacy Invading Smart GlassesUITests.xctest"; sourceTree = BUILT_PRODUCTS_DIR; };
/* End PBXFileReference section */

/* Begin PBXFileSystemSynchronizedRootGroup section */
		A1832B7E2EAF7FBB0073DEB5 /* Privacy Invading Smart Glasses */ = {
			isa = PBXFileSystemSynchronizedRootGroup;
			path = "Privacy Invading Smart Glasses";
			sourceTree = "<group>";
		};
		A1832B8C2EAF7FBC0073DEB5 /* Privacy Invading Smart GlassesTests */ = {
			isa = PBXFileSystemSynchronizedRootGroup;
			path = "Privacy Invading Smart GlassesTests";
			sourceTree = "<group>";
		};
		A1832B962EAF7FBC0073DEB5 /* Privacy Invading Smart GlassesUITests */ = {
			isa = PBXFileSystemSynchronizedRootGroup;
			path = "Privacy Invading Smart GlassesUITests";
			sourceTree = "<group>";
		};
/* End PBXFileSystemSynchronizedRootGroup section */

/* Begin PBXFrameworksBuildPhase section */
		A1832B792EAF7FBB0073DEB5 /* Frameworks */ = {
			isa = PBXFrameworksBuildPhase;
			buildActionMask = 2147483647;
			files = (
			);
			runOnlyForDeploymentPostprocessing = 0;
		};
		A1832B862EAF7FBC0073DEB5 /* Frameworks */ = {
			isa = PBXFrameworksBuildPhase;
			buildActionMask = 2147483647;
			files = (
			);
			runOnlyForDeploymentPostprocessing = 0;
		};
		A1832B902EAF7FBC0073DEB5 /* Frameworks */ = {
			isa = PBXFrameworksBuildPhase;
			buildActionMask = 2147483647;
			files = (
			);
			runOnlyForDeploymentPostprocessing = 0;
		};
/* End PBXFrameworksBuildPhase section */

/* Begin PBXGroup section */
		A1832B732EAF7FBA0073DEB5 = {
			isa = PBXGroup;
			children = (
				A1832B7E2EAF7FBB0073DEB5 /* Privacy Invading Smart Glasses */,
				A1832B8C2EAF7FBC0073DEB5 /* Privacy Invading Smart GlassesTests */,
				A1832B962EAF7FBC0073DEB5 /* Privacy Invading Smart GlassesUITests */,
				A1832B7D2EAF7FBB0073DEB5 /* Products */,
			);
			sourceTree = "<group>";
		};
		A1832B7D2EAF7FBB0073DEB5 /* Products */ = {
			isa = PBXGroup;
			children = (
				A1832B7C2EAF7FBB0073DEB5 /* Privacy Invading Smart Glasses.app */,
				A1832B892EAF7FBC0073DEB5 /* Privacy Invading Smart GlassesTests.xctest */,
				A1832B932EAF7FBC0073DEB5 /* Privacy Invading Smart GlassesUITests.xctest */,
			);
			name = Products;
			sourceTree = "<group>";
		};
/* End PBXGroup section */

/* Begin PBXNativeTarget section */
		A1832B7B2EAF7FBB0073DEB5 /* Privacy Invading Smart Glasses */ = {
			isa = PBXNativeTarget;
			buildConfigurationList = A1832B9D2EAF7FBC0073DEB5 /* Build configuration list for PBXNativeTarget "Privacy Invading Smart Glasses" */;
			buildPhases = (
				A1832B782EAF7FBB0073DEB5 /* Sources */,
				A1832B792EAF7FBB0073DEB5 /* Frameworks */,
				A1832B7A2EAF7FBB0073DEB5 /* Resources */,
			);
			buildRules = (
			);
			dependencies = (
			);
			fileSystemSynchronizedGroups = (
				A1832B7E2EAF7FBB0073DEB5 /* Privacy Invading Smart Glasses */,
			);
			name = "Privacy Invading Smart Glasses";
			packageProductDependencies = (
			);
			productName = "Privacy Invading Smart Glasses";
			productReference = A1832B7C2EAF7FBB0073DEB5 /* Privacy Invading Smart Glasses.app */;
			productType = "com.apple.product-type.application";
		};
		A1832B882EAF7FBC0073DEB5 /* Privacy Invading Smart GlassesTests */ = {
			isa = PBXNativeTarget;
			buildConfigurationList = A1832BA02EAF7FBC0073DEB5 /* Build configuration list for PBXNativeTarget "Privacy Invading Smart GlassesTests" */;
			buildPhases = (
				A1832B852EAF7FBC0073DEB5 /* Sources */,
				A1832B862EAF7FBC0073DEB5 /* Frameworks */,
				A1832B872EAF7FBC0073DEB5 /* Resources */,
			);
			buildRules = (
			);
			dependencies = (
				A1832B8B2EAF7FBC0073DEB5 /* PBXTargetDependency */,
			);
			fileSystemSynchronizedGroups = (
				A1832B8C2EAF7FBC0073DEB5 /* Privacy Invading Smart GlassesTests */,
			);
			name = "Privacy Invading Smart GlassesTests";
			packageProductDependencies = (
			);
			productName = "Privacy Invading Smart GlassesTests";
			productReference = A1832B892EAF7FBC0073DEB5 /* Privacy Invading Smart GlassesTests.xctest */;
			productType = "com.apple.product-type.bundle.unit-test";
		};
		A1832B922EAF7FBC0073DEB5 /* Privacy Invading Smart GlassesUITests */ = {
			isa = PBXNativeTarget;
			buildConfigurationList = A1832BA32EAF7FBC0073DEB5 /* Build configuration list for PBXNativeTarget "Privacy Invading Smart GlassesUITests" */;
			buildPhases = (
				A1832B8F2EAF7FBC0073DEB5 /* Sources */,
				A1832B902EAF7FBC0073DEB5 /* Frameworks */,
				A1832B912EAF7FBC0073DEB5 /* Resources */,
			);
			buildRules = (
			);
			dependencies = (
				A1832B952EAF7FBC0073DEB5 /* PBXTargetDependency */,
			);
			fileSystemSynchronizedGroups = (
				A1832B962EAF7FBC0073DEB5 /* Privacy Invading Smart GlassesUITests */,
			);
			name = "Privacy Invading Smart GlassesUITests";
			packageProductDependencies = (
			);
			productName = "Privacy Invading Smart GlassesUITests";
			productReference = A1832B932EAF7FBC0073DEB5 /* Privacy Invading Smart GlassesUITests.xctest */;
			productType = "com.apple.product-type.bundle.ui-testing";
		};
/* End PBXNativeTarget section */

/* Begin PBXProject section */
		A1832B742EAF7FBA0073DEB5 /* Project object */ = {
			isa = PBXProject;
			attributes = {
				BuildIndependentTargetsInParallel = 1;
				LastSwiftUpdateCheck = 2600;
				LastUpgradeCheck = 2600;
				TargetAttributes = {
					A1832B7B2EAF7FBB0073DEB5 = {
						CreatedOnToolsVersion = 26.0.1;
					};
					A1832B882EAF7FBC0073DEB5 = {
						CreatedOnToolsVersion = 26.0.1;
						TestTargetID = A1832B7B2EAF7FBB0073DEB5;
					};
					A1832B922EAF7FBC0073DEB5 = {
						CreatedOnToolsVersion = 26.0.1;
						TestTargetID = A1832B7B2EAF7FBB0073DEB5;
					};
				};
			};
			buildConfigurationList = A1832B772EAF7FBA0073DEB5 /* Build configuration list for PBXProject "Privacy Invading Smart Glasses" */;
			developmentRegion = en;
			hasScannedForEncodings = 0;
			knownRegions = (
				en,
				Base,
			);
			mainGroup = A1832B732EAF7FBA0073DEB5;
			minimizedProjectReferenceProxies = 1;
			preferredProjectObjectVersion = 77;
			productRefGroup = A1832B7D2EAF7FBB0073DEB5 /* Products */;
			projectDirPath = "";
			projectRoot = "";
			targets = (
				A1832B7B2EAF7FBB0073DEB5 /* Privacy Invading Smart Glasses */,
				A1832B882EAF7FBC0073DEB5 /* Privacy Invading Smart GlassesTests */,
				A1832B922EAF7FBC0073DEB5 /* Privacy Invading Smart GlassesUITests */,
			);
		};
/* End PBXProject section */

/* Begin PBXResourcesBuildPhase section */
		A1832B7A2EAF7FBB0073DEB5 /* Resources */ = {
			isa = PBXResourcesBuildPhase;
			buildActionMask = 2147483647;
			files = (
			);
			runOnlyForDeploymentPostprocessing = 0;
		};
		A1832B872EAF7FBC0073DEB5 /* Resources */ = {
			isa = PBXResourcesBuildPhase;
			buildActionMask = 2147483647;
			files = (
			);
			runOnlyForDeploymentPostprocessing = 0;
		};
		A1832B912EAF7FBC0073DEB5 /* Resources */ = {
			isa = PBXResourcesBuildPhase;
			buildActionMask = 2147483647;
			files = (
			);
			runOnlyForDeploymentPostprocessing = 0;
		};
/* End PBXResourcesBuildPhase section */

/* Begin PBXSourcesBuildPhase section */
		A1832B782EAF7FBB0073DEB5 /* Sources */ = {
			isa = PBXSourcesBuildPhase;
			buildActionMask = 2147483647;
			files = (
			);
			runOnlyForDeploymentPostprocessing = 0;
		};
		A1832B852EAF7FBC0073DEB5 /* Sources */ = {
			isa = PBXSourcesBuildPhase;
			buildActionMask = 2147483647;
			files = (
			);
			runOnlyForDeploymentPostprocessing = 0;
		};
		A1832B8F2EAF7FBC0073DEB5 /* Sources */ = {
			isa = PBXSourcesBuildPhase;
			buildActionMask = 2147483647;
			files = (
			);
			runOnlyForDeploymentPostprocessing = 0;
		};
/* End PBXSourcesBuildPhase section */

/* Begin PBXTargetDependency section */
		A1832B8B2EAF7FBC0073DEB5 /* PBXTargetDependency */ = {
			isa = PBXTargetDependency;
			target = A1832B7B2EAF7FBB0073DEB5 /* Privacy Invading Smart Glasses */;
			targetProxy = A1832B8A2EAF7FBC0073DEB5 /* PBXContainerItemProxy */;
		};
		A1832B952EAF7FBC0073DEB5 /* PBXTargetDependency */ = {
			isa = PBXTargetDependency;
			target = A1832B7B2EAF7FBB0073DEB5 /* Privacy Invading Smart Glasses */;
			targetProxy = A1832B942EAF7FBC0073DEB5 /* PBXContainerItemProxy */;
		};
/* End PBXTargetDependency section */

/* Begin XCBuildConfiguration section */
		A1832B9B2EAF7FBC0073DEB5 /* Debug */ = {
			isa = XCBuildConfiguration;
			buildSettings = {
				ALWAYS_SEARCH_USER_PATHS = NO;
				ASSETCATALOG_COMPILER_GENERATE_SWIFT_ASSET_SYMBOL_EXTENSIONS = YES;
				CLANG_ANALYZER_NONNULL = YES;
				CLANG_ANALYZER_NUMBER_OBJECT_CONVERSION = YES_AGGRESSIVE;
				CLANG_CXX_LANGUAGE_STANDARD = "gnu++20";
				CLANG_ENABLE_MODULES = YES;
				CLANG_ENABLE_OBJC_ARC = YES;
				CLANG_ENABLE_OBJC_WEAK = YES;
				CLANG_WARN_BLOCK_CAPTURE_AUTORELEASING = YES;
				CLANG_WARN_BOOL_CONVERSION = YES;
				CLANG_WARN_COMMA = YES;
				CLANG_WARN_CONSTANT_CONVERSION = YES;
				CLANG_WARN_DEPRECATED_OBJC_IMPLEMENTATIONS = YES;
				CLANG_WARN_DIRECT_OBJC_ISA_USAGE = YES_ERROR;
				CLANG_WARN_DOCUMENTATION_COMMENTS = YES;
				CLANG_WARN_EMPTY_BODY = YES;
				CLANG_WARN_ENUM_CONVERSION = YES;
				CLANG_WARN_INFINITE_RECURSION = YES;
				CLANG_WARN_INT_CONVERSION = YES;
				CLANG_WARN_NON_LITERAL_NULL_CONVERSION = YES;
				CLANG_WARN_OBJC_IMPLICIT_RETAIN_SELF = YES;
				CLANG_WARN_OBJC_LITERAL_CONVERSION = YES;
				CLANG_WARN_OBJC_ROOT_CLASS = YES_ERROR;
				CLANG_WARN_QUOTED_INCLUDE_IN_FRAMEWORK_HEADER = YES;
				CLANG_WARN_RANGE_LOOP_ANALYSIS = YES;
				CLANG_WARN_STRICT_PROTOTYPES = YES;
				CLANG_WARN_SUSPICIOUS_MOVE = YES;
				CLANG_WARN_UNGUARDED_AVAILABILITY = YES_AGGRESSIVE;
				CLANG_WARN_UNREACHABLE_CODE = YES;
				CLANG_WARN__DUPLICATE_METHOD_MATCH = YES;
				COPY_PHASE_STRIP = NO;
				DEBUG_INFORMATION_FORMAT = dwarf;
				ENABLE_STRICT_OBJC_MSGSEND = YES;
				ENABLE_TESTABILITY = YES;
				ENABLE_USER_SCRIPT_SANDBOXING = YES;
				GCC_C_LANGUAGE_STANDARD = gnu17;
				GCC_DYNAMIC_NO_PIC = NO;
				GCC_NO_COMMON_BLOCKS = YES;
				GCC_OPTIMIZATION_LEVEL = 0;
				GCC_PREPROCESSOR_DEFINITIONS = (
					"DEBUG=1",
					"$(inherited)",
				);
				GCC_WARN_64_TO_32_BIT_CONVERSION = YES;
				GCC_WARN_ABOUT_RETURN_TYPE = YES_ERROR;
				GCC_WARN_UNDECLARED_SELECTOR = YES;
				GCC_WARN_UNINITIALIZED_AUTOS = YES_AGGRESSIVE;
				GCC_WARN_UNUSED_FUNCTION = YES;
				GCC_WARN_UNUSED_VARIABLE = YES;
				IPHONEOS_DEPLOYMENT_TARGET = 26.0;
				LOCALIZATION_PREFERS_STRING_CATALOGS = YES;
				MTL_ENABLE_DEBUG_INFO = INCLUDE_SOURCE;
				MTL_FAST_MATH = YES;
				ONLY_ACTIVE_ARCH = YES;
				SDKROOT = iphoneos;
				SWIFT_ACTIVE_COMPILATION_CONDITIONS = "DEBUG $(inherited)";
				SWIFT_OPTIMIZATION_LEVEL = "-Onone";
			};
			name = Debug;
		};
		A1832B9C2EAF7FBC0073DEB5 /* Release */ = {
			isa = XCBuildConfiguration;
			buildSettings = {
				ALWAYS_SEARCH_USER_PATHS = NO;
				ASSETCATALOG_COMPILER_GENERATE_SWIFT_ASSET_SYMBOL_EXTENSIONS = YES;
				CLANG_ANALYZER_NONNULL = YES;
				CLANG_ANALYZER_NUMBER_OBJECT_CONVERSION = YES_AGGRESSIVE;
				CLANG_CXX_LANGUAGE_STANDARD = "gnu++20";
				CLANG_ENABLE_MODULES = YES;
				CLANG_ENABLE_OBJC_ARC = YES;
				CLANG_ENABLE_OBJC_WEAK = YES;
				CLANG_WARN_BLOCK_CAPTURE_AUTORELEASING = YES;
				CLANG_WARN_BOOL_CONVERSION = YES;
				CLANG_WARN_COMMA = YES;
				CLANG_WARN_CONSTANT_CONVERSION = YES;
				CLANG_WARN_DEPRECATED_OBJC_IMPLEMENTATIONS = YES;
				CLANG_WARN_DIRECT_OBJC_ISA_USAGE = YES_ERROR;
				CLANG_WARN_DOCUMENTATION_COMMENTS = YES;
				CLANG_WARN_EMPTY_BODY = YES;
				CLANG_WARN_ENUM_CONVERSION = YES;
				CLANG_WARN_INFINITE_RECURSION = YES;
				CLANG_WARN_INT_CONVERSION = YES;
				CLANG_WARN_NON_LITERAL_NULL_CONVERSION = YES;
				CLANG_WARN_OBJC_IMPLICIT_RETAIN_SELF = YES;
				CLANG_WARN_OBJC_LITERAL_CONVERSION = YES;
				CLANG_WARN_OBJC_ROOT_CLASS = YES_ERROR;
				CLANG_WARN_QUOTED_INCLUDE_IN_FRAMEWORK_HEADER = YES;
				CLANG_WARN_RANGE_LOOP_ANALYSIS = YES;
				CLANG_WARN_STRICT_PROTOTYPES = YES;
				CLANG_WARN_SUSPICIOUS_MOVE = YES;
				CLANG_WARN_UNGUARDED_AVAILABILITY = YES_AGGRESSIVE;
				CLANG_WARN_UNREACHABLE_CODE = YES;
				CLANG_WARN__DUPLICATE_METHOD_MATCH = YES;
				COPY_PHASE_STRIP = NO;
				DEBUG_INFORMATION_FORMAT = "dwarf-with-dsym";
				ENABLE_NS_ASSERTIONS = NO;
				ENABLE_STRICT_OBJC_MSGSEND = YES;
				ENABLE_USER_SCRIPT_SANDBOXING = YES;
				GCC_C_LANGUAGE_STANDARD = gnu17;
				GCC_NO_COMMON_BLOCKS = YES;
				GCC_WARN_64_TO_32_BIT_CONVERSION = YES;
				GCC_WARN_ABOUT_RETURN_TYPE = YES_ERROR;
				GCC_WARN_UNDECLARED_SELECTOR = YES;
				GCC_WARN_UNINITIALIZED_AUTOS = YES_AGGRESSIVE;
				GCC_WARN_UNUSED_FUNCTION = YES;
				GCC_WARN_UNUSED_VARIABLE = YES;
				IPHONEOS_DEPLOYMENT_TARGET = 26.0;
				LOCALIZATION_PREFERS_STRING_CATALOGS = YES;
				MTL_ENABLE_DEBUG_INFO = NO;
				MTL_FAST_MATH = YES;
				SDKROOT = iphoneos;
				SWIFT_COMPILATION_MODE = wholemodule;
				VALIDATE_PRODUCT = YES;
			};
			name = Release;
		};
		A1832B9E2EAF7FBC0073DEB5 /* Debug */ = {
			isa = XCBuildConfiguration;
			buildSettings = {
				ASSETCATALOG_COMPILER_APPICON_NAME = AppIcon;
				ASSETCATALOG_COMPILER_GLOBAL_ACCENT_COLOR_NAME = AccentColor;
				CODE_SIGN_STYLE = Automatic;
				CURRENT_PROJECT_VERSION = 1;
				ENABLE_PREVIEWS = YES;
				GENERATE_INFOPLIST_FILE = YES;
				INFOPLIST_KEY_UIApplicationSceneManifest_Generation = YES;
				INFOPLIST_KEY_UIApplicationSupportsIndirectInputEvents = YES;
				INFOPLIST_KEY_UILaunchScreen_Generation = YES;
				INFOPLIST_KEY_UISupportedInterfaceOrientations_iPad = "UIInterfaceOrientationPortrait UIInterfaceOrientationPortraitUpsideDown UIInterfaceOrientationLandscapeLeft UIInterfaceOrientationLandscapeRight";
				INFOPLIST_KEY_UISupportedInterfaceOrientations_iPhone = "UIInterfaceOrientationPortrait UIInterfaceOrientationLandscapeLeft UIInterfaceOrientationLandscapeRight";
				LD_RUNPATH_SEARCH_PATHS = (
					"$(inherited)",
					"@executable_path/Frameworks",
				);
				MARKETING_VERSION = 1.0;
				PRODUCT_BUNDLE_IDENTIFIER = "gregorfinger.Privacy-Invading-Smart-Glasses";
				PRODUCT_NAME = "$(TARGET_NAME)";
				STRING_CATALOG_GENERATE_SYMBOLS = YES;
				SWIFT_APPROACHABLE_CONCURRENCY = YES;
				SWIFT_DEFAULT_ACTOR_ISOLATION = MainActor;
				SWIFT_EMIT_LOC_STRINGS = YES;
				SWIFT_UPCOMING_FEATURE_MEMBER_IMPORT_VISIBILITY = YES;
				SWIFT_VERSION = 5.0;
				TARGETED_DEVICE_FAMILY = "1,2";
			};
			name = Debug;
		};
		A1832B9F2EAF7FBC0073DEB5 /* Release */ = {
			isa = XCBuildConfiguration;
			buildSettings = {
				ASSETCATALOG_COMPILER_APPICON_NAME = AppIcon;
				ASSETCATALOG_COMPILER_GLOBAL_ACCENT_COLOR_NAME = AccentColor;
				CODE_SIGN_STYLE = Automatic;
				CURRENT_PROJECT_VERSION = 1;
				ENABLE_PREVIEWS = YES;
				GENERATE_INFOPLIST_FILE = YES;
				INFOPLIST_KEY_UIApplicationSceneManifest_Generation = YES;
				INFOPLIST_KEY_UIApplicationSupportsIndirectInputEvents = YES;
				INFOPLIST_KEY_UILaunchScreen_Generation = YES;
				INFOPLIST_KEY_UISupportedInterfaceOrientations_iPad = "UIInterfaceOrientationPortrait UIInterfaceOrientationPortraitUpsideDown UIInterfaceOrientationLandscapeLeft UIInterfaceOrientationLandscapeRight";
				INFOPLIST_KEY_UISupportedInterfaceOrientations_iPhone = "UIInterfaceOrientationPortrait UIInterfaceOrientationLandscapeLeft UIInterfaceOrientationLandscapeRight";
				LD_RUNPATH_SEARCH_PATHS = (
					"$(inherited)",
					"@executable_path/Frameworks",
				);
				MARKETING_VERSION = 1.0;
				PRODUCT_BUNDLE_IDENTIFIER = "gregorfinger.Privacy-Invading-Smart-Glasses";
				PRODUCT_NAME = "$(TARGET_NAME)";
				STRING_CATALOG_GENERATE_SYMBOLS = YES;
				SWIFT_APPROACHABLE_CONCURRENCY = YES;
				SWIFT_DEFAULT_ACTOR_ISOLATION = MainActor;
				SWIFT_EMIT_LOC_STRINGS = YES;
				SWIFT_UPCOMING_FEATURE_MEMBER_IMPORT_VISIBILITY = YES;
				SWIFT_VERSION = 5.0;
				TARGETED_DEVICE_FAMILY = "1,2";
			};
			name = Release;
		};
		A1832BA12EAF7FBC0073DEB5 /* Debug */ = {
			isa = XCBuildConfiguration;
			buildSettings = {
				BUNDLE_LOADER = "$(TEST_HOST)";
				CODE_SIGN_STYLE = Automatic;
				CURRENT_PROJECT_VERSION = 1;
				GENERATE_INFOPLIST_FILE = YES;
				IPHONEOS_DEPLOYMENT_TARGET = 26.0;
				MARKETING_VERSION = 1.0;
				PRODUCT_BUNDLE_IDENTIFIER = "gregorfinger.Privacy-Invading-Smart-GlassesTests";
				PRODUCT_NAME = "$(TARGET_NAME)";
				STRING_CATALOG_GENERATE_SYMBOLS = NO;
				SWIFT_APPROACHABLE_CONCURRENCY = YES;
				SWIFT_EMIT_LOC_STRINGS = NO;
				SWIFT_UPCOMING_FEATURE_MEMBER_IMPORT_VISIBILITY = YES;
				SWIFT_VERSION = 5.0;
				TARGETED_DEVICE_FAMILY = "1,2";
				TEST_HOST = "$(BUILT_PRODUCTS_DIR)/Privacy Invading Smart Glasses.app/$(BUNDLE_EXECUTABLE_FOLDER_PATH)/Privacy Invading Smart Glasses";
			};
			name = Debug;
		};
		A1832BA22EAF7FBC0073DEB5 /* Release */ = {
			isa = XCBuildConfiguration;
			buildSettings = {
				BUNDLE_LOADER = "$(TEST_HOST)";
				CODE_SIGN_STYLE = Automatic;
				CURRENT_PROJECT_VERSION = 1;
				GENERATE_INFOPLIST_FILE = YES;
				IPHONEOS_DEPLOYMENT_TARGET = 26.0;
				MARKETING_VERSION = 1.0;
				PRODUCT_BUNDLE_IDENTIFIER = "gregorfinger.Privacy-Invading-Smart-GlassesTests";
				PRODUCT_NAME = "$(TARGET_NAME)";
				STRING_CATALOG_GENERATE_SYMBOLS = NO;
				SWIFT_APPROACHABLE_CONCURRENCY = YES;
				SWIFT_EMIT_LOC_STRINGS = NO;
				SWIFT_UPCOMING_FEATURE_MEMBER_IMPORT_VISIBILITY = YES;
				SWIFT_VERSION = 5.0;
				TARGETED_DEVICE_FAMILY = "1,2";
				TEST_HOST = "$(BUILT_PRODUCTS_DIR)/Privacy Invading Smart Glasses.app/$(BUNDLE_EXECUTABLE_FOLDER_PATH)/Privacy Invading Smart Glasses";
			};
			name = Release;
		};
		A1832BA42EAF7FBC0073DEB5 /* Debug */ = {
			isa = XCBuildConfiguration;
			buildSettings = {
				CODE_SIGN_STYLE = Automatic;
				CURRENT_PROJECT_VERSION = 1;
				GENERATE_INFOPLIST_FILE = YES;
				MARKETING_VERSION = 1.0;
				PRODUCT_BUNDLE_IDENTIFIER = "gregorfinger.Privacy-Invading-Smart-GlassesUITests";
				PRODUCT_NAME = "$(TARGET_NAME)";
				STRING_CATALOG_GENERATE_SYMBOLS = NO;
				SWIFT_APPROACHABLE_CONCURRENCY = YES;
				SWIFT_EMIT_LOC_STRINGS = NO;
				SWIFT_UPCOMING_FEATURE_MEMBER_IMPORT_VISIBILITY = YES;
				SWIFT_VERSION = 5.0;
				TARGETED_DEVICE_FAMILY = "1,2";
				TEST_TARGET_NAME = "Privacy Invading Smart Glasses";
			};
			name = Debug;
		};
		A1832BA52EAF7FBC0073DEB5 /* Release */ = {
			isa = XCBuildConfiguration;
			buildSettings = {
				CODE_SIGN_STYLE = Automatic;
				CURRENT_PROJECT_VERSION = 1;
				GENERATE_INFOPLIST_FILE = YES;
				MARKETING_VERSION = 1.0;
				PRODUCT_BUNDLE_IDENTIFIER = "gregorfinger.Privacy-Invading-Smart-GlassesUITests";
				PRODUCT_NAME = "$(TARGET_NAME)";
				STRING_CATALOG_GENERATE_SYMBOLS = NO;
				SWIFT_APPROACHABLE_CONCURRENCY = YES;
				SWIFT_EMIT_LOC_STRINGS = NO;
				SWIFT_UPCOMING_FEATURE_MEMBER_IMPORT_VISIBILITY = YES;
				SWIFT_VERSION = 5.0;
				TARGETED_DEVICE_FAMILY = "1,2";
				TEST_TARGET_NAME = "Privacy Invading Smart Glasses";
			};
			name = Release;
		};
/* End XCBuildConfiguration section */

/* Begin XCConfigurationList section */
		A1832B772EAF7FBA0073DEB5 /* Build configuration list for PBXProject "Privacy Invading Smart Glasses" */ = {
			isa = XCConfigurationList;
			buildConfigurations = (
				A1832B9B2EAF7FBC0073DEB5 /* Debug */,
				A1832B9C2EAF7FBC0073DEB5 /* Release */,
			);
			defaultConfigurationIsVisible = 0;
			defaultConfigurationName = Release;
		};
		A1832B9D2EAF7FBC0073DEB5 /* Build configuration list for PBXNativeTarget "Privacy Invading Smart Glasses" */ = {
			isa = XCConfigurationList;
			buildConfigurations = (
				A1832B9E2EAF7FBC0073DEB5 /* Debug */,
				A1832B9F2EAF7FBC0073DEB5 /* Release */,
			);
			defaultConfigurationIsVisible = 0;
			defaultConfigurationName = Release;
		};
		A1832BA02EAF7FBC0073DEB5 /* Build configuration list for PBXNativeTarget "Privacy Invading Smart GlassesTests" */ = {
			isa = XCConfigurationList;
			buildConfigurations = (
				A1832BA12EAF7FBC0073DEB5 /* Debug */,
				A1832BA22EAF7FBC0073DEB5 /* Release */,
			);
			defaultConfigurationIsVisible = 0;
			defaultConfigurationName = Release;
		};
		A1832BA32EAF7FBC0073DEB5 /* Build configuration list for PBXNativeTarget "Privacy Invading Smart GlassesUITests" */ = {
			isa = XCConfigurationList;
			buildConfigurations = (
				A1832BA42EAF7FBC0073DEB5 /* Debug */,
				A1832BA52EAF7FBC0073DEB5 /* Release */,
			);
			defaultConfigurationIsVisible = 0;
			defaultConfigurationName = Release;
		};
/* End XCConfigurationList section */
	};
	rootObject = A1832B742EAF7FBA0073DEB5 /* Project object */;
}
